
Microsoft Visual Studio Solution File, Format Version 12.00
# Visual Studio 15
VisualStudioVersion = 15.0.27130.2027
MinimumVisualStudioVersion = 10.0.40219.1
Project("{FAE04EC0-301F-11D3-BF4B-00C04F79EFBC}") = "narnia", "narnia\narnia.csproj", "{32CE0E26-A2B2-4BDB-A3EB-C3F9290D196D}"
EndProject
Global
	GlobalSection(SolutionConfigurationPlatforms) = preSolution
		Debug|Any CPU = Debug|Any CPU
		Release|Any CPU = Release|Any CPU
	EndGlobalSection
	GlobalSection(ProjectConfigurationPlatforms) = postSolution
		{32CE0E26-A2B2-4BDB-A3EB-C3F9290D196D}.Debug|Any CPU.ActiveCfg = Debug|Any CPU
		{32CE0E26-A2B2-4BDB-A3EB-C3F9290D196D}.Debug|Any CPU.Build.0 = Debug|Any CPU
		{32CE0E26-A2B2-4BDB-A3EB-C3F9290D196D}.Release|Any CPU.ActiveCfg = Release|Any CPU
		{32CE0E26-A2B2-4BDB-A3EB-C3F9290D196D}.Release|Any CPU.Build.0 = Release|Any CPU
	EndGlobalSection
	GlobalSection(SolutionProperties) = preSolution
		HideSolutionNode = FALSE
	EndGlobalSection
	GlobalSection(ExtensibilityGlobals) = postSolution
		SolutionGuid = {99640BC1-85CC-4563-B4E0-DC264954EFF4}
	EndGlobalSection
EndGlobal
