
Microsoft Visual Studio Solution File, Format Version 12.00
# Visual Studio 15
VisualStudioVersion = 15.0.27130.2027
MinimumVisualStudioVersion = 10.0.40219.1
Project("{FAE04EC0-301F-11D3-BF4B-00C04F79EFBC}") = "BootStrapIntro", "BootStrapIntro\BootStrapIntro.csproj", "{281A81DD-12B8-44A7-8DFE-8F4408A2844A}"
EndProject
Global
	GlobalSection(SolutionConfigurationPlatforms) = preSolution
		Debug|Any CPU = Debug|Any CPU
		Release|Any CPU = Release|Any CPU
	EndGlobalSection
	GlobalSection(ProjectConfigurationPlatforms) = postSolution
		{281A81DD-12B8-44A7-8DFE-8F4408A2844A}.Debug|Any CPU.ActiveCfg = Debug|Any CPU
		{281A81DD-12B8-44A7-8DFE-8F4408A2844A}.Debug|Any CPU.Build.0 = Debug|Any CPU
		{281A81DD-12B8-44A7-8DFE-8F4408A2844A}.Release|Any CPU.ActiveCfg = Release|Any CPU
		{281A81DD-12B8-44A7-8DFE-8F4408A2844A}.Release|Any CPU.Build.0 = Release|Any CPU
	EndGlobalSection
	GlobalSection(SolutionProperties) = preSolution
		HideSolutionNode = FALSE
	EndGlobalSection
	GlobalSection(ExtensibilityGlobals) = postSolution
		SolutionGuid = {2570F35F-0761-40CD-86C2-6B2F28B0131A}
	EndGlobalSection
EndGlobal
